<?xml version="1.0" encoding="utf-8"?>
<Project ToolsVersion="4.0" xmlns="http://schemas.microsoft.com/developer/msbuild/2003">
  <ItemGroup>
    <Filter Include="Source Files">
      <UniqueIdentifier>{4FC737F1-C7A5-4376-A066-2A32D752A2FF}</UniqueIdentifier>
      <Extensions>cpp;c;cc;cxx;c++;def;odl;idl;hpj;bat;asm;asmx</Extensions>
    </Filter>
    <Filter Include="Header Files">
      <UniqueIdentifier>{93995380-89BD-4b04-88EB-625FBE52EBFB}</UniqueIdentifier>
      <Extensions>h;hh;hpp;hxx;h++;hm;inl;inc;ipp;xsd</Extensions>
    </Filter>
    <Filter Include="Resource Files">
      <UniqueIdentifier>{67DA6AB6-F800-4c08-8B7A-83BB121AAD01}</UniqueIdentifier>
      <Extensions>rc;ico;cur;bmp;dlg;rc2;rct;bin;rgs;gif;jpg;jpeg;jpe;resx;tiff;tif;png;wav;mfcribbon-ms</Extensions>
    </Filter>
    <Filter Include="Resource Files\instances">
      <UniqueIdentifier>{117e00d9-7419-49d7-ac24-80b92bc8ba95}</UniqueIdentifier>
    </Filter>
    <Filter Include="Resource Files\seeds">
      <UniqueIdentifier>{9b2f1c82-0f60-476b-a874-991a212145c9}</UniqueIdentifier>
    </Filter>
  </ItemGroup>
  <ItemGroup>
    <ClCompile Include="src\ACOCore.cpp">
      <Filter>Source Files</Filter>
    </ClCompile>
    <ClCompile Include="src\CandidateSolution.cpp">
      <Filter>Source Files</Filter>
    </ClCompile>
    <ClCompile Include="src\HeuristicCore.cpp">
      <Filter>Source Files</Filter>
    </ClCompile>
    <ClCompile Include="src\InstanceReader.cpp">
      <Filter>Source Files</Filter>
    </ClCompile>
    <ClCompile Include="src\SACore.cpp">
      <Filter>Source Files</Filter>
    </ClCompile>
    <ClCompile Include="src\TSPTW-ACO.cpp">
      <Filter>Source Files</Filter>
    </ClCompile>
    <ClCompile Include="src\Writer.cpp">
      <Filter>Source Files</Filter>
    </ClCompile>
  </ItemGroup>
  <ItemGroup>
    <ClInclude Include="src\ACOCore.h">
      <Filter>Source Files</Filter>
    </ClInclude>
    <ClInclude Include="src\Ant.h">
      <Filter>Source Files</Filter>
    </ClInclude>
    <ClInclude Include="src\CandidateSolution.h">
      <Filter>Source Files</Filter>
    </ClInclude>
    <ClInclude Include="src\CommonDefs.h">
      <Filter>Source Files</Filter>
    </ClInclude>
    <ClInclude Include="src\HeuristicCore.h">
      <Filter>Source Files</Filter>
    </ClInclude>
    <ClInclude Include="src\InstanceReader.h">
      <Filter>Source Files</Filter>
    </ClInclude>
    <ClInclude Include="src\NumericMatrix.h">
      <Filter>Source Files</Filter>
    </ClInclude>
    <ClInclude Include="src\SACore.h">
      <Filter>Source Files</Filter>
    </ClInclude>
    <ClInclude Include="src\TimeWindow.h">
      <Filter>Source Files</Filter>
    </ClInclude>
    <ClInclude Include="src\Writer.h">
      <Filter>Source Files</Filter>
    </ClInclude>
  </ItemGroup>
  <ItemGroup>
    <None Include="src\Ant.h.gch">
      <Filter>Source Files</Filter>
    </None>
  </ItemGroup>
  <ItemGroup>
    <Text Include="data\instances\n80w20.001.txt">
      <Filter>Resource Files\instances</Filter>
    </Text>
    <Text Include="data\seeds\seeds.001.txt">
      <Filter>Resource Files\seeds</Filter>
    </Text>
  </ItemGroup>
</Project>